{
    "_meta": {
        "hash": {
            "sha256": "c16f9098f4472d3ceb3e17ae1e12ac6c6682805fb80c33357b620cd0aa3fdfd9"
        },
        "pipfile-spec": 6,
        "requires": {
            "python_version": "3.6"
        },
        "sources": [
            {
                "name": "pypi",
                "url": "https://pypi.org/simple",
                "verify_ssl": true
            }
        ]
    },
    "default": {
        "attrs": {
            "hashes": [
                "sha256:149e90d6d8ac20db7a955ad60cf0e6881a3f20d37096140088356da6c716b0b1",
                "sha256:ef6aaac3ca6cd92904cdd0d83f629a15f18053ec84e6432106f7a4d04ae4f5fb"
            ],
            "version": "==21.2.0"
        },
        "automat": {
            "hashes": [
                "sha256:7979803c74610e11ef0c0d68a2942b152df52da55336e0c9d58daf1831cbdf33",
                "sha256:b6feb6455337df834f6c9962d6ccf771515b7d939bca142b29c20c2376bc6111"
            ],
            "version": "==20.2.0"
        },
        "cachecontrol": {
            "hashes": [
                "sha256:10d056fa27f8563a271b345207402a6dcce8efab7e5b377e270329c62471b10d",
                "sha256:be9aa45477a134aee56c8fac518627e1154df063e85f67d4f83ce0ccc23688e8"
            ],
            "version": "==0.12.6"
        },
        "cachetools": {
            "hashes": [
                "sha256:2cc0b89715337ab6dbba85b5b50effe2b0c74e035d83ee8ed637cf52f12ae001",
                "sha256:61b5ed1e22a0924aed1d23b478f37e8d52549ff8a961de2909c69bf950020cff"
            ],
            "version": "==4.2.2"
        },
        "certifi": {
            "hashes": [
                "sha256:2bbf76fd432960138b3ef6dda3dde0544f27cbf8546c458e60baf371917ba9ee",
                "sha256:50b1e4f8446b06f41be7dd6338db18e0990601dce795c2b1686458aa7e8fa7d8"
            ],
            "version": "==2021.5.30"
        },
        "cffi": {
            "hashes": [
                "sha256:005a36f41773e148deac64b08f233873a4d0c18b053d37da83f6af4d9087b813",
                "sha256:04c468b622ed31d408fea2346bec5bbffba2cc44226302a0de1ade9f5ea3d373",
                "sha256:06d7cd1abac2ffd92e65c0609661866709b4b2d82dd15f611e602b9b188b0b69",
                "sha256:06db6321b7a68b2bd6df96d08a5adadc1fa0e8f419226e25b2a5fbf6ccc7350f",
                "sha256:0857f0ae312d855239a55c81ef453ee8fd24136eaba8e87a2eceba644c0d4c06",
                "sha256:0f861a89e0043afec2a51fd177a567005847973be86f709bbb044d7f42fc4e05",
                "sha256:1071534bbbf8cbb31b498d5d9db0f274f2f7a865adca4ae429e147ba40f73dea",
                "sha256:158d0d15119b4b7ff6b926536763dc0714313aa59e320ddf787502c70c4d4bee",
                "sha256:1bf1ac1984eaa7675ca8d5745a8cb87ef7abecb5592178406e55858d411eadc0",
                "sha256:1f436816fc868b098b0d63b8920de7d208c90a67212546d02f84fe78a9c26396",
                "sha256:24a570cd11895b60829e941f2613a4f79df1a27344cbbb82164ef2e0116f09c7",
                "sha256:24ec4ff2c5c0c8f9c6b87d5bb53555bf267e1e6f70e52e5a9740d32861d36b6f",
                "sha256:2894f2df484ff56d717bead0a5c2abb6b9d2bf26d6960c4604d5c48bbc30ee73",
                "sha256:29314480e958fd8aab22e4a58b355b629c59bf5f2ac2492b61e3dc06d8c7a315",
                "sha256:293e7ea41280cb28c6fcaaa0b1aa1f533b8ce060b9e701d78511e1e6c4a1de76",
                "sha256:34eff4b97f3d982fb93e2831e6750127d1355a923ebaeeb565407b3d2f8d41a1",
                "sha256:35f27e6eb43380fa080dccf676dece30bef72e4a67617ffda586641cd4508d49",
                "sha256:3c3f39fa737542161d8b0d680df2ec249334cd70a8f420f71c9304bd83c3cbed",
                "sha256:3d3dd4c9e559eb172ecf00a2a7517e97d1e96de2a5e610bd9b68cea3925b4892",
                "sha256:43e0b9d9e2c9e5d152946b9c5fe062c151614b262fda2e7b201204de0b99e482",
                "sha256:48e1c69bbacfc3d932221851b39d49e81567a4d4aac3b21258d9c24578280058",
                "sha256:51182f8927c5af975fece87b1b369f722c570fe169f9880764b1ee3bca8347b5",
                "sha256:58e3f59d583d413809d60779492342801d6e82fefb89c86a38e040c16883be53",
                "sha256:5de7970188bb46b7bf9858eb6890aad302577a5f6f75091fd7cdd3ef13ef3045",
                "sha256:65fa59693c62cf06e45ddbb822165394a288edce9e276647f0046e1ec26920f3",
                "sha256:681d07b0d1e3c462dd15585ef5e33cb021321588bebd910124ef4f4fb71aef55",
                "sha256:69e395c24fc60aad6bb4fa7e583698ea6cc684648e1ffb7fe85e3c1ca131a7d5",
                "sha256:6c97d7350133666fbb5cf4abdc1178c812cb205dc6f41d174a7b0f18fb93337e",
                "sha256:6e4714cc64f474e4d6e37cfff31a814b509a35cb17de4fb1999907575684479c",
                "sha256:72d8d3ef52c208ee1c7b2e341f7d71c6fd3157138abf1a95166e6165dd5d4369",
                "sha256:8ae6299f6c68de06f136f1f9e69458eae58f1dacf10af5c17353eae03aa0d827",
                "sha256:8b198cec6c72df5289c05b05b8b0969819783f9418e0409865dac47288d2a053",
                "sha256:99cd03ae7988a93dd00bcd9d0b75e1f6c426063d6f03d2f90b89e29b25b82dfa",
                "sha256:9cf8022fb8d07a97c178b02327b284521c7708d7c71a9c9c355c178ac4bbd3d4",
                "sha256:9de2e279153a443c656f2defd67769e6d1e4163952b3c622dcea5b08a6405322",
                "sha256:9e93e79c2551ff263400e1e4be085a1210e12073a31c2011dbbda14bda0c6132",
                "sha256:9ff227395193126d82e60319a673a037d5de84633f11279e336f9c0f189ecc62",
                "sha256:a465da611f6fa124963b91bf432d960a555563efe4ed1cc403ba5077b15370aa",
                "sha256:ad17025d226ee5beec591b52800c11680fca3df50b8b29fe51d882576e039ee0",
                "sha256:afb29c1ba2e5a3736f1c301d9d0abe3ec8b86957d04ddfa9d7a6a42b9367e396",
                "sha256:b85eb46a81787c50650f2392b9b4ef23e1f126313b9e0e9013b35c15e4288e2e",
                "sha256:bb89f306e5da99f4d922728ddcd6f7fcebb3241fc40edebcb7284d7514741991",
                "sha256:cbde590d4faaa07c72bf979734738f328d239913ba3e043b1e98fe9a39f8b2b6",
                "sha256:cc5a8e069b9ebfa22e26d0e6b97d6f9781302fe7f4f2b8776c3e1daea35f1adc",
                "sha256:cd2868886d547469123fadc46eac7ea5253ea7fcb139f12e1dfc2bbd406427d1",
                "sha256:d42b11d692e11b6634f7613ad8df5d6d5f8875f5d48939520d351007b3c13406",
                "sha256:df5052c5d867c1ea0b311fb7c3cd28b19df469c056f7fdcfe88c7473aa63e333",
                "sha256:f2d45f97ab6bb54753eab54fffe75aaf3de4ff2341c9daee1987ee1837636f1d",
                "sha256:fd78e5fee591709f32ef6edb9a015b4aa1a5022598e36227500c8f4e02328d9c"
            ],
            "version": "==1.14.5"
        },
        "chardet": {
            "hashes": [
                "sha256:0d6f53a15db4120f2b08c94f11e7d93d2c911ee118b6b30a04ec3ee8310179fa",
                "sha256:f864054d66fd9118f2e67044ac8981a54775ec5b67aed0441892edb553d21da5"
            ],
            "version": "==4.0.0"
        },
        "click": {
            "hashes": [
                "sha256:8c04c11192119b1ef78ea049e0a6f0463e4c48ef00a30160c704337586f3ad7a",
                "sha256:fba402a4a47334742d782209a7c79bc448911afe1149d07bdabdf480b3e2f4b6"
            ],
            "version": "==8.0.1"
        },
        "constantly": {
            "hashes": [
                "sha256:586372eb92059873e29eba4f9dec8381541b4d3834660707faf8ba59146dfc35",
                "sha256:dd2fa9d6b1a51a83f0d7dd76293d734046aa176e384bf6e33b7e44880eb37c5d"
            ],
            "version": "==15.1.0"
        },
        "cryptography": {
            "hashes": [
                "sha256:0f1212a66329c80d68aeeb39b8a16d54ef57071bf22ff4e521657b27372e327d",
                "sha256:1e056c28420c072c5e3cb36e2b23ee55e260cb04eee08f702e0edfec3fb51959",
                "sha256:240f5c21aef0b73f40bb9f78d2caff73186700bf1bc6b94285699aff98cc16c6",
                "sha256:26965837447f9c82f1855e0bc8bc4fb910240b6e0d16a664bb722df3b5b06873",
                "sha256:37340614f8a5d2fb9aeea67fd159bfe4f5f4ed535b1090ce8ec428b2f15a11f2",
                "sha256:3d10de8116d25649631977cb37da6cbdd2d6fa0e0281d014a5b7d337255ca713",
                "sha256:3d8427734c781ea5f1b41d6589c293089704d4759e34597dce91014ac125aad1",
                "sha256:7ec5d3b029f5fa2b179325908b9cd93db28ab7b85bb6c1db56b10e0b54235177",
                "sha256:8e56e16617872b0957d1c9742a3f94b43533447fd78321514abbe7db216aa250",
                "sha256:de4e5f7f68220d92b7637fc99847475b59154b7a1b3868fb7385337af54ac9ca",
                "sha256:eb8cc2afe8b05acbd84a43905832ec78e7b3873fb124ca190f574dca7389a87d",
                "sha256:ee77aa129f481be46f8d92a1a7db57269a2f23052d5f2433b4621bb457081cc9"
            ],
            "version": "==3.4.7"
        },
        "cssselect": {
            "hashes": [
                "sha256:f612ee47b749c877ebae5bb77035d8f4202c6ad0f0fc1271b3c18ad6c4468ecf",
                "sha256:f95f8dedd925fd8f54edb3d2dfb44c190d9d18512377d3c1e2388d16126879bc"
            ],
            "version": "==1.1.0"
        },
        "docker-py": {
            "hashes": [
                "sha256:35b506e95861914fa5ad57a6707e3217b4082843b883be246190f57013948aba",
                "sha256:4c2a75875764d38d67f87bc7d03f7443a3895704efc57962bdf6500b8d4bc415"
            ],
            "version": "==1.10.6"
        },
        "docker-pycreds": {
            "hashes": [
                "sha256:6ce3270bcaf404cc4c3e27e4b6c70d3521deae82fb508767870fdbf772d584d4",
                "sha256:7266112468627868005106ec19cd0d722702d2b7d5912a28e19b826c3d37af49"
            ],
            "version": "==0.4.0"
        },
        "firebase-admin": {
            "hashes": [
                "sha256:23deaede741f6c4785939c1b7e1385561431887d8b065202f27372d8ea73cf01",
                "sha256:7cf4ce710fa06e69308b58e7d55d5f2aebff559f07272578186c5ef3c3461730"
            ],
            "index": "pypi",
            "version": "==4.3.0"
        },
        "google-api-core": {
            "extras": [
                "grpc"
            ],
            "hashes": [
                "sha256:c0e430658ed6be902d7ba7095fb0a9cac810270d71bf7ac4484e76c300407aae",
                "sha256:e4082a0b479dc2dee2f8d7b80ea8b5d0184885b773caab15ab1836277a01d689"
            ],
            "index": "pypi",
            "version": "==1.17.0"
        },
        "google-api-python-client": {
            "hashes": [
                "sha256:b764be88cf2a1f8b4c4d17c9187a279fea93f4d767e7d7c24f71bf25385a8b10",
                "sha256:be4e8dcf399d7d1dcaae004b7f18694907f740bf6e6cebda91da8ebd968c5481"
            ],
            "index": "pypi",
            "version": "==1.8.3"
        },
        "google-auth": {
            "hashes": [
                "sha256:4942ab1ff530e740866571c0416fb5a7dc9ec53233a8f8dff63e8cd7371003d1",
                "sha256:82d32f6601f35309c95d5917bcdf72f3ec193c7f46c79e433b8d76ccbe68e21d"
            ],
            "index": "pypi",
            "version": "==1.14.3"
        },
        "google-auth-httplib2": {
            "hashes": [
                "sha256:098fade613c25b4527b2c08fa42d11f3c2037dda8995d86de0745228e965d445",
                "sha256:f1c437842155680cf9918df9bc51c1182fda41feef88c34004bd1978c8157e08"
            ],
            "index": "pypi",
            "version": "==0.0.3"
        },
        "google-cloud-core": {
            "hashes": [
                "sha256:6ae5c62931e8345692241ac1939b85a10d6c38dc9e2854bdbacb7e5ac3033229",
                "sha256:878f9ad080a40cdcec85b92242c4b5819eeb8f120ebc5c9f640935e24fc129d8"
            ],
            "index": "pypi",
            "version": "==1.3.0"
        },
        "google-cloud-firestore": {
            "hashes": [
                "sha256:afd986bc4bb5a92d6ebe02977cc1d5dc56bf401590d1df43c07609dbec21155d",
                "sha256:f7cd210fdb44d945925e69243fecf79665a3edfb69a9ca780a6bb8e0d1d07bda"
            ],
            "index": "pypi",
            "version": "==1.7.0"
        },
        "google-cloud-storage": {
            "hashes": [
                "sha256:0b28536acab1d7e856a7a89bbfcad41f26f40b46af59786ca874ff0f94bbc0f9",
                "sha256:a7b5c326e7307a83fa1f1f0ef71aba9ad1f3a2bc6a768401e13fc02369fd8612"
            ],
            "index": "pypi",
            "version": "==1.28.1"
        },
        "google-resumable-media": {
            "hashes": [
                "sha256:2a8fd188afe1cbfd5998bf20602f76b0336aa892de88fe842a806b9a3ed78d2a",
                "sha256:b86140d5a0b6d290084b11bde90ee9aecad357ba0e0d67388d016b8340320927"
            ],
            "index": "pypi",
            "version": "==0.5.0"
        },
        "googleapis-common-protos": {
            "hashes": [
                "sha256:013c91704279119150e44ef770086fdbba158c1f978a6402167d47d5409e226e"
            ],
            "index": "pypi",
            "version": "==1.51.0"
        },
        "grpcio": {
            "hashes": [
                "sha256:10cdc8946a7c2284bbc8e16d346eaa2beeaae86ea598f345df86d4ef7dfedb84",
                "sha256:23bc395a32c2465564cb242e48bdd2fdbe5a4aebf307649a800da1b971ee7f29",
                "sha256:2637ce96b7c954d2b71060f50eb4c72f81668f1b2faa6cbdc74677e405978901",
                "sha256:3d8c510b6eabce5192ce126003d74d7751c7218d3e2ad39fcf02400d7ec43abe",
                "sha256:5024b26e17a1bfc9390fb3b8077bf886eee02970af780fd23072970ef08cefe8",
                "sha256:517538a54afdd67162ea2af1ac3326c0752c5d13e6ddadbc4885f6a28e91ab28",
                "sha256:524ae8d3da61b856cf08abb3d0947df05402919e4be1f88328e0c1004031f72e",
                "sha256:54e4658c09084b09cd83a5ea3a8bce78e4031ff1010bb8908c399a22a76a6f08",
                "sha256:57c8cc2ae8cb94c3a89671af7e1380a4cdfcd6bab7ba303f4461ec32ded250ae",
                "sha256:5fd9ffe938e9225c654c60eb21ff011108cc27302db85200413807e0eda99a4a",
                "sha256:75b2247307a7ecaf6abc9eb2bd04af8f88816c111b87bf0044d7924396e9549c",
                "sha256:7bf3cb1e0f4a9c89f7b748583b994bdce183103d89d5ff486da48a7668a052c7",
                "sha256:7e02a7c40304eecee203f809a982732bd37fad4e798acad98fe73c66e44ff2db",
                "sha256:806c9759f5589b3761561187408e0313a35c5c53f075c7590effab8d27d67dfe",
                "sha256:80e9f9f6265149ca7c84e1c8c31c2cf3e2869c45776fbe8880a3133a11d6d290",
                "sha256:81bbf78a399e0ee516c81ddad8601f12af3fc9b30f2e4b2fbd64efd327304a4d",
                "sha256:886d48c32960b39e059494637eb0157a694956248d03b0de814447c188b74799",
                "sha256:97b72bf2242a351a89184134adbb0ae3b422e6893c6c712bc7669e2eab21501b",
                "sha256:97fcbdf1f12e0079d26db73da11ee35a09adc870b1e72fbff0211f6a8003a4e8",
                "sha256:9cfb4b71cc3c8757f137d47000f9d90d4bd818733f9ab4f78bd447e052a4cb9a",
                "sha256:9ef0370bcf629ece4e7e37796e4604e2514b920669be2911fc3f9c163a73a57b",
                "sha256:a6dddb177b3cfa0cfe299fb9e07d6a3382cc79466bef48fe9c4326d5c5b1dcb8",
                "sha256:a97ea91e31863c9a3879684b5fb3c6ab4b17c5431787548fc9f52b9483ea9c25",
                "sha256:b49f243936b0f6ae8eb6adf88a1e54e736f1c6724a1bff6b591d105d708263ad",
                "sha256:b85f355fc24b68a6c52f2750e7141110d1fcd07dfdc9b282de0000550fe0511b",
                "sha256:c3a0ef12ee86f6e72db50e01c3dba7735a76d8c30104b9b0f7fd9d65ceb9d93f",
                "sha256:da0ca9b1089d00e39a8b83deec799a4e5c37ec1b44d804495424acde50531868",
                "sha256:e90f3d11185c36593186e5ff1f581acc6ddfa4190f145b0366e579de1f52803b",
                "sha256:ebf0ccb782027ef9e213e03b6d00bbd8dabd80959db7d468c0738e6d94b5204c",
                "sha256:eede3039c3998e2cc0f6713f4ac70f235bd32967c9b958a17bf937aceebc12c3",
                "sha256:ff7931241351521b8df01d7448800ce0d59364321d8d82c49b826d455678ff08"
            ],
            "index": "pypi",
            "version": "==1.29.0"
        },
        "httplib2": {
            "hashes": [
                "sha256:0b12617eeca7433d4c396a100eaecfa4b08ee99aa881e6df6e257a7aad5d533d",
                "sha256:2ad195faf9faf079723f6714926e9a9061f694d07724b846658ce08d40f522b4"
            ],
            "version": "==0.19.1"
        },
        "hyperlink": {
            "hashes": [
                "sha256:427af957daa58bc909471c6c40f74c5450fa123dd093fc53efd2e91d2705a56b",
                "sha256:e6b14c37ecb73e89c77d78cdb4c2cc8f3fb59a885c5b3f819ff4ed80f25af1b4"
            ],
            "version": "==21.0.0"
        },
        "idna": {
            "hashes": [
                "sha256:b307872f855b18632ce0c21c5e45be78c0ea7ae4c15c828c20788b26921eb3f6",
                "sha256:b97d804b1e9b523befed77c48dacec60e6dcb0b5391d57af6a65a312a90648c0"
            ],
            "version": "==2.10"
        },
        "importlib-metadata": {
            "hashes": [
                "sha256:960d52ba7c21377c990412aca380bf3642d734c2eaab78a2c39319f67c6a5786",
                "sha256:e592faad8de1bda9fe920cf41e15261e7131bcf266c30306eec00e8e225c1dd5"
            ],
            "markers": "python_version < '3.8'",
            "version": "==4.4.0"
        },
        "incremental": {
            "hashes": [
                "sha256:02f5de5aff48f6b9f665d99d48bfc7ec03b6e3943210de7cfc88856d755d6f57",
                "sha256:92014aebc6a20b78a8084cdd5645eeaa7f74b8933f70fa3ada2cfbd1e3b54321"
            ],
            "version": "==21.3.0"
        },
        "lxml": {
            "hashes": [
                "sha256:079f3ae844f38982d156efce585bc540c16a926d4436712cf4baee0cce487a3d",
                "sha256:0fbcf5565ac01dff87cbfc0ff323515c823081c5777a9fc7703ff58388c258c3",
                "sha256:122fba10466c7bd4178b07dba427aa516286b846b2cbd6f6169141917283aae2",
                "sha256:1b38116b6e628118dea5b2186ee6820ab138dbb1e24a13e478490c7db2f326ae",
                "sha256:1b7584d421d254ab86d4f0b13ec662a9014397678a7c4265a02a6d7c2b18a75f",
                "sha256:26e761ab5b07adf5f555ee82fb4bfc35bf93750499c6c7614bd64d12aaa67927",
                "sha256:289e9ca1a9287f08daaf796d96e06cb2bc2958891d7911ac7cae1c5f9e1e0ee3",
                "sha256:2a9d50e69aac3ebee695424f7dbd7b8c6d6eb7de2a2eb6b0f6c7db6aa41e02b7",
                "sha256:3082c518be8e97324390614dacd041bb1358c882d77108ca1957ba47738d9d59",
                "sha256:33bb934a044cf32157c12bfcfbb6649807da20aa92c062ef51903415c704704f",
                "sha256:3439c71103ef0e904ea0a1901611863e51f50b5cd5e8654a151740fde5e1cade",
                "sha256:36108c73739985979bf302006527cf8a20515ce444ba916281d1c43938b8bb96",
                "sha256:39b78571b3b30645ac77b95f7c69d1bffc4cf8c3b157c435a34da72e78c82468",
                "sha256:4289728b5e2000a4ad4ab8da6e1db2e093c63c08bdc0414799ee776a3f78da4b",
                "sha256:4bff24dfeea62f2e56f5bab929b4428ae6caba2d1eea0c2d6eb618e30a71e6d4",
                "sha256:4c61b3a0db43a1607d6264166b230438f85bfed02e8cff20c22e564d0faff354",
                "sha256:542d454665a3e277f76954418124d67516c5f88e51a900365ed54a9806122b83",
                "sha256:5a0a14e264069c03e46f926be0d8919f4105c1623d620e7ec0e612a2e9bf1c04",
                "sha256:5c8c163396cc0df3fd151b927e74f6e4acd67160d6c33304e805b84293351d16",
                "sha256:66e575c62792c3f9ca47cb8b6fab9e35bab91360c783d1606f758761810c9791",
                "sha256:6f12e1427285008fd32a6025e38e977d44d6382cf28e7201ed10d6c1698d2a9a",
                "sha256:74f7d8d439b18fa4c385f3f5dfd11144bb87c1da034a466c5b5577d23a1d9b51",
                "sha256:7610b8c31688f0b1be0ef882889817939490a36d0ee880ea562a4e1399c447a1",
                "sha256:76fa7b1362d19f8fbd3e75fe2fb7c79359b0af8747e6f7141c338f0bee2f871a",
                "sha256:7728e05c35412ba36d3e9795ae8995e3c86958179c9770e65558ec3fdfd3724f",
                "sha256:8157dadbb09a34a6bd95a50690595e1fa0af1a99445e2744110e3dca7831c4ee",
                "sha256:820628b7b3135403540202e60551e741f9b6d3304371712521be939470b454ec",
                "sha256:884ab9b29feaca361f7f88d811b1eea9bfca36cf3da27768d28ad45c3ee6f969",
                "sha256:89b8b22a5ff72d89d48d0e62abb14340d9e99fd637d046c27b8b257a01ffbe28",
                "sha256:92e821e43ad382332eade6812e298dc9701c75fe289f2a2d39c7960b43d1e92a",
                "sha256:b007cbb845b28db4fb8b6a5cdcbf65bacb16a8bd328b53cbc0698688a68e1caa",
                "sha256:bc4313cbeb0e7a416a488d72f9680fffffc645f8a838bd2193809881c67dd106",
                "sha256:bccbfc27563652de7dc9bdc595cb25e90b59c5f8e23e806ed0fd623755b6565d",
                "sha256:c47ff7e0a36d4efac9fd692cfa33fbd0636674c102e9e8d9b26e1b93a94e7617",
                "sha256:c4f05c5a7c49d2fb70223d0d5bcfbe474cf928310ac9fa6a7c6dddc831d0b1d4",
                "sha256:cdaf11d2bd275bf391b5308f86731e5194a21af45fbaaaf1d9e8147b9160ea92",
                "sha256:ce256aaa50f6cc9a649c51be3cd4ff142d67295bfc4f490c9134d0f9f6d58ef0",
                "sha256:d2e35d7bf1c1ac8c538f88d26b396e73dd81440d59c1ef8522e1ea77b345ede4",
                "sha256:d916d31fd85b2f78c76400d625076d9124de3e4bda8b016d25a050cc7d603f24",
                "sha256:df7c53783a46febb0e70f6b05df2ba104610f2fb0d27023409734a3ecbb78fb2",
                "sha256:e1cbd3f19a61e27e011e02f9600837b921ac661f0c40560eefb366e4e4fb275e",
                "sha256:efac139c3f0bf4f0939f9375af4b02c5ad83a622de52d6dfa8e438e8e01d0eb0",
                "sha256:efd7a09678fd8b53117f6bae4fa3825e0a22b03ef0a932e070c0bdbb3a35e654",
                "sha256:f2380a6376dfa090227b663f9678150ef27543483055cc327555fb592c5967e2",
                "sha256:f8380c03e45cf09f8557bdaa41e1fa7c81f3ae22828e1db470ab2a6c96d8bc23",
                "sha256:f90ba11136bfdd25cae3951af8da2e95121c9b9b93727b1b896e3fa105b2f586"
            ],
            "version": "==4.6.3"
        },
        "msgpack": {
            "hashes": [
                "sha256:0cb94ee48675a45d3b86e61d13c1e6f1696f0183f0715544976356ff86f741d9",
                "sha256:1026dcc10537d27dd2d26c327e552f05ce148977e9d7b9f1718748281b38c841",
                "sha256:26a1759f1a88df5f1d0b393eb582ec022326994e311ba9c5818adc5374736439",
                "sha256:2a5866bdc88d77f6e1370f82f2371c9bc6fc92fe898fa2dec0c5d4f5435a2694",
                "sha256:31c17bbf2ae5e29e48d794c693b7ca7a0c73bd4280976d408c53df421e838d2a",
                "sha256:497d2c12426adcd27ab83144057a705efb6acc7e85957a51d43cdcf7f258900f",
                "sha256:5a9ee2540c78659a1dd0b110f73773533ee3108d4e1219b5a15a8d635b7aca0e",
                "sha256:8521e5be9e3b93d4d5e07cb80b7e32353264d143c1f072309e1863174c6aadb1",
                "sha256:87869ba567fe371c4555d2e11e4948778ab6b59d6cc9d8460d543e4cfbbddd1c",
                "sha256:8ffb24a3b7518e843cd83538cf859e026d24ec41ac5721c18ed0c55101f9775b",
                "sha256:92be4b12de4806d3c36810b0fe2aeedd8d493db39e2eb90742b9c09299eb5759",
                "sha256:9ea52fff0473f9f3000987f313310208c879493491ef3ccf66268eff8d5a0326",
                "sha256:a4355d2193106c7aa77c98fc955252a737d8550320ecdb2e9ac701e15e2943bc",
                "sha256:a99b144475230982aee16b3d249170f1cccebf27fb0a08e9f603b69637a62192",
                "sha256:ac25f3e0513f6673e8b405c3a80500eb7be1cf8f57584be524c4fa78fe8e0c83",
                "sha256:b28c0876cce1466d7c2195d7658cf50e4730667196e2f1355c4209444717ee06",
                "sha256:b55f7db883530b74c857e50e149126b91bb75d35c08b28db12dcb0346f15e46e",
                "sha256:b6d9e2dae081aa35c44af9c4298de4ee72991305503442a5c74656d82b581fe9",
                "sha256:c747c0cc08bd6d72a586310bda6ea72eeb28e7505990f342552315b229a19b33",
                "sha256:d6c64601af8f3893d17ec233237030e3110f11b8a962cb66720bf70c0141aa54",
                "sha256:d8167b84af26654c1124857d71650404336f4eb5cc06900667a493fc619ddd9f",
                "sha256:de6bd7990a2c2dabe926b7e62a92886ccbf809425c347ae7de277067f97c2887",
                "sha256:e36a812ef4705a291cdb4a2fd352f013134f26c6ff63477f20235138d1d21009",
                "sha256:e89ec55871ed5473a041c0495b7b4e6099f6263438e0bd04ccd8418f92d5d7f2",
                "sha256:f3e6aaf217ac1c7ce1563cf52a2f4f5d5b1f64e8729d794165db71da57257f0c",
                "sha256:f484cd2dca68502de3704f056fa9b318c94b1539ed17a4c784266df5d6978c87",
                "sha256:fae04496f5bc150eefad4e9571d1a76c55d021325dcd484ce45065ebbdd00984",
                "sha256:fe07bc6735d08e492a327f496b7850e98cb4d112c56df69b0c844dbebcbb47f6"
            ],
            "version": "==1.0.2"
        },
        "mysqlclient": {
            "hashes": [
                "sha256:4c82187dd6ab3607150fbb1fa5ef4643118f3da122b8ba31c3149ddd9cf0cb39",
                "sha256:9e6080a7aee4cc6a06b58b59239f20f1d259c1d2fddf68ddeed242d2311c7087",
                "sha256:f3fdaa9a38752a3b214a6fe79d7cae3653731a53e577821f9187e67cbecb2e16",
                "sha256:f646f8d17d02be0872291f258cce3813497bc7888cd4712a577fd1e719b2f213"
            ],
            "index": "pypi",
            "version": "==1.4.6"
        },
        "parsel": {
            "hashes": [
                "sha256:70efef0b651a996cceebc69e55a85eb2233be0890959203ba7c3a03c72725c79",
                "sha256:9e1fa8db1c0b4a878bf34b35c043d89c9d1cbebc23b4d34dbc3c0ec33f2e087d"
            ],
            "version": "==1.6.0"
        },
        "protego": {
            "hashes": [
                "sha256:a682771bc7b51b2ff41466460896c1a5a653f9a1e71639ef365a72e66d8734b4"
            ],
            "version": "==0.1.16"
        },
        "protobuf": {
            "hashes": [
                "sha256:0f237c1e84e46747397a3e8173edb3116e81163b2878fc944a5193b05876eaee",
                "sha256:1fcace96670b8512e805d6e275bd59b860967a7648e05cfad35ec1e7c03d7262",
                "sha256:25bc4f1c23aced9b3a9e70eef7f03e63bcbd6cfbd881a91b5688412dce8992e1",
                "sha256:27c7c933b838a0837eb1f429e7994310ee8577a7b69abc38e84d5db97a2650a2",
                "sha256:2a88be54fce118d69f083b847554afd1852053c0869bdac396678ec9ec6a94d5",
                "sha256:2c6ad26f079301bcf9f1b5d5b4b2dbac0e2e7c0111c6fbecf94f558952c78ee0",
                "sha256:36d306dda3c159a5fe0025ba0e9728aac00dd69523dd12ee3fb7b1717cd80e7d",
                "sha256:40bf764b63f06a816b1c079f7718184fdd8dbfd9dad3cd1a446382492ca00b3e",
                "sha256:437d4681160ac5310457c4dc8ab973ec56769a236c479393c53fa71a26dfb38f",
                "sha256:4ef4865ee740d5b45adfc96481adf1fcbfbb454bd51b86f4c4a5065262d0b08b",
                "sha256:5057744a363d65d2780dc01fa751bb14e860c507b2598b22af241aabb28a0ae9",
                "sha256:6e48c9b26d8e262331c79b208c4bf6b499a71912b1213d77b63c5ca248fc2a4e",
                "sha256:762faa8873d0569466cf66128bdbadd5e500600bdf2f87cf039493ed9d2725b6",
                "sha256:8a509097ba25452c9b44198843b0df67f921bd36f37adcbcfaaf6ee5cbe09132",
                "sha256:94be4d5c2ba372ff159b2cc804d274acbaa7ebf361966f5619f99880c7c09a3c",
                "sha256:a15898d88307dba0363767b30960396a2dec74b8ffe7bcb4e885312a569eda3f",
                "sha256:ad17d3dd80f3377fc70a9dd677ec51231a892f9f65783cf7d2d24ee381f0feca",
                "sha256:ad8cdbc594c886483970ac274b5af98483b272e873b7c5dac60aa3a7222301b3",
                "sha256:b92f95994ff27a6992ea2cf3f369476ad0065986eb00252b760d0bc55c5454a8",
                "sha256:c1631570af7aae611f1cd7c6918fe4a7154507169ef30e8c5f380eba36ee2659",
                "sha256:cbd132f0aa7180f099d3c47fecfbcdca1590ef3b7da8346146192ba580c9b24e",
                "sha256:d06ef0f7873e04e2d1a2bfa0701d063e4dde5242b2946c6f071a442e4cb3be0b",
                "sha256:fea786428b34385b073ef619d896282889b432b87dc043c0b815c72d35d64025"
            ],
            "version": "==3.17.1"
        },
        "pyasn1": {
            "hashes": [
                "sha256:39c7e2ec30515947ff4e87fb6f456dfc6e84857d34be479c9d4a4ba4bf46aa5d",
                "sha256:aef77c9fb94a3ac588e87841208bdec464471d9871bd5050a287cc9a475cd0ba"
            ],
            "version": "==0.4.8"
        },
        "pyasn1-modules": {
            "hashes": [
                "sha256:905f84c712230b2c592c19470d3ca8d552de726050d1d1716282a1f6146be65e",
                "sha256:a50b808ffeb97cb3601dd25981f6b016cbb3d31fbf57a8b8a87428e6158d0c74"
            ],
            "version": "==0.2.8"
        },
        "pycparser": {
            "hashes": [
                "sha256:2d475327684562c3a96cc71adf7dc8c4f0565175cf86b6d7a404ff4c771f15f0",
                "sha256:7582ad22678f0fcd81102833f60ef8d0e57288b6b5fb00323d101be910e35705"
            ],
            "version": "==2.20"
        },
        "pydispatcher": {
            "hashes": [
                "sha256:5570069e1b1769af1fe481de6dd1d3a388492acddd2cdad7a3bde145615d5caf",
                "sha256:5be4a8be12805ef7d712dd9a93284fb8bc53f309867e573f653a72e5fd10e433"
            ],
            "version": "==2.0.5"
        },
        "pyopenssl": {
            "hashes": [
                "sha256:4c231c759543ba02560fcd2480c48dcec4dae34c9da7d3747c508227e0624b51",
                "sha256:818ae18e06922c066f777a33f1fca45786d85edfe71cd043de6379337a7f274b"
            ],
            "version": "==20.0.1"
        },
        "pyparsing": {
            "hashes": [
                "sha256:c203ec8783bf771a155b207279b9bccb8dea02d8f0c9e5f8ead507bc3246ecc1",
                "sha256:ef9d7589ef3c200abe66653d3f1ab1033c3c419ae9b9bdb1240a85b024efc88b"
            ],
            "version": "==2.4.7"
        },
        "pytz": {
            "hashes": [
                "sha256:83a4a90894bf38e243cf052c8b58f381bfe9a7a483f6a9cab140bc7f702ac4da",
                "sha256:eb10ce3e7736052ed3623d49975ce333bcd712c7bb19a58b9e2089d4057d0798"
            ],
            "version": "==2021.1"
        },
        "pyyaml": {
            "hashes": [
                "sha256:08682f6b72c722394747bddaf0aa62277e02557c0fd1c42cb853016a38f8dedf",
                "sha256:0f5f5786c0e09baddcd8b4b45f20a7b5d61a7e7e99846e3c799b05c7c53fa696",
                "sha256:129def1b7c1bf22faffd67b8f3724645203b79d8f4cc81f674654d9902cb4393",
                "sha256:294db365efa064d00b8d1ef65d8ea2c3426ac366c0c4368d930bf1c5fb497f77",
                "sha256:3b2b1824fe7112845700f815ff6a489360226a5609b96ec2190a45e62a9fc922",
                "sha256:3bd0e463264cf257d1ffd2e40223b197271046d09dadf73a0fe82b9c1fc385a5",
                "sha256:4465124ef1b18d9ace298060f4eccc64b0850899ac4ac53294547536533800c8",
                "sha256:49d4cdd9065b9b6e206d0595fee27a96b5dd22618e7520c33204a4a3239d5b10",
                "sha256:4e0583d24c881e14342eaf4ec5fbc97f934b999a6828693a99157fde912540cc",
                "sha256:5accb17103e43963b80e6f837831f38d314a0495500067cb25afab2e8d7a4018",
                "sha256:607774cbba28732bfa802b54baa7484215f530991055bb562efbed5b2f20a45e",
                "sha256:6c78645d400265a062508ae399b60b8c167bf003db364ecb26dcab2bda048253",
                "sha256:72a01f726a9c7851ca9bfad6fd09ca4e090a023c00945ea05ba1638c09dc3347",
                "sha256:74c1485f7707cf707a7aef42ef6322b8f97921bd89be2ab6317fd782c2d53183",
                "sha256:895f61ef02e8fed38159bb70f7e100e00f471eae2bc838cd0f4ebb21e28f8541",
                "sha256:8c1be557ee92a20f184922c7b6424e8ab6691788e6d86137c5d93c1a6ec1b8fb",
                "sha256:bb4191dfc9306777bc594117aee052446b3fa88737cd13b7188d0e7aa8162185",
                "sha256:bfb51918d4ff3d77c1c856a9699f8492c612cde32fd3bcd344af9be34999bfdc",
                "sha256:c20cfa2d49991c8b4147af39859b167664f2ad4561704ee74c1de03318e898db",
                "sha256:cb333c16912324fd5f769fff6bc5de372e9e7a202247b48870bc251ed40239aa",
                "sha256:d2d9808ea7b4af864f35ea216be506ecec180628aced0704e34aca0b040ffe46",
                "sha256:d483ad4e639292c90170eb6f7783ad19490e7a8defb3e46f97dfe4bacae89122",
                "sha256:dd5de0646207f053eb0d6c74ae45ba98c3395a571a2891858e87df7c9b9bd51b",
                "sha256:e1d4970ea66be07ae37a3c2e48b5ec63f7ba6804bdddfdbd3cfd954d25a82e63",
                "sha256:e4fac90784481d221a8e4b1162afa7c47ed953be40d31ab4629ae917510051df",
                "sha256:fa5ae20527d8e831e8230cbffd9f8fe952815b2b7dae6ffec25318803a7528fc",
                "sha256:fd7f6999a8070df521b6384004ef42833b9bd62cfee11a09bda1079b4b704247",
                "sha256:fdc842473cd33f45ff6bce46aea678a54e3d21f1b61a7750ce3c498eedfe25d6",
                "sha256:fe69978f3f768926cfa37b867e3843918e012cf83f680806599ddce33c2c68b0"
            ],
            "version": "==5.4.1"
        },
        "queuelib": {
            "hashes": [
                "sha256:631d067c9be57e395c382d680d3653ca1452cd29e8da25c5e8d94b5c0c528c31",
                "sha256:90ee30ebb0b57112606358b63c09a681bbb9a7dd1120af09c836b475504cea85"
            ],
            "version": "==1.6.1"
        },
        "requests": {
            "hashes": [
                "sha256:27973dd4a904a4f13b263a19c866c13b92a39ed1c964655f025f3f8d3d75b804",
                "sha256:c210084e36a42ae6b9219e00e48287def368a26d03a048ddad7bfee44f75871e"
            ],
            "version": "==2.25.1"
        },
        "retrying": {
            "hashes": [
                "sha256:08c039560a6da2fe4f2c426d0766e284d3b736e355f8dd24b37367b0bb41973b"
            ],
            "version": "==1.3.3"
        },
        "rsa": {
            "hashes": [
                "sha256:14ba45700ff1ec9eeb206a2ce76b32814958a98e372006c8fb76ba820211be66",
                "sha256:1a836406405730121ae9823e19c6e806c62bbad73f890574fff50efa4122c487"
            ],
            "version": "==4.0"
        },
        "scrapinghub": {
            "hashes": [
                "sha256:9dbe4ebac719cf4ec065a4748cc513a6f9cc4190ef31b98ea24deb63992a9eff",
                "sha256:cffdfdb233af30f1e5e45d9c3e5e52b1e5d88e13c6c76c66ccf2f5231b601dbf"
            ],
            "version": "==2.3.1"
        },
        "scrapy": {
            "hashes": [
                "sha256:640aea0f9be9b055f5cfec5ab78ee88bb37a5be3809b138329bd2af51392ec7f",
                "sha256:883ab2dcb6cafb22c7448616baeb5b4d7bedef57ca6a9a5f4e902cb1d6e7aeca"
            ],
            "index": "pypi",
            "version": "==2.1.0"
        },
        "scrapy-selenium": {
            "hashes": [
                "sha256:51f809802a1f62ed852cfe2d2ed49f6141058cc5254ed4b448d2ffe6f7a1b6e9",
                "sha256:70766315c7970b12a142e1b7a9f43ffb3ef1260891811062ec9dd46a665d935a"
            ],
            "index": "pypi",
            "version": "==0.0.7"
        },
        "scrapy-splash": {
            "hashes": [
                "sha256:089188b11202813b14b88d3be008641a2b3d36e82fadd4a6c61f0af59b66e7b5",
                "sha256:71ac958370f8732fec746a25a8235b03a4d3c4c93a59be51aa8e910a08cfe511"
            ],
            "index": "pypi",
            "version": "==0.7.2"
        },
        "selenium": {
            "hashes": [
                "sha256:2d7131d7bc5a5b99a2d9b04aaf2612c411b03b8ca1b1ee8d3de5845a9be2cb3c",
                "sha256:deaf32b60ad91a4611b98d8002757f29e6f2c2d5fcaf202e1c9ad06d6772300d"
            ],
            "version": "==3.141.0"
        },
        "service-identity": {
            "hashes": [
                "sha256:6e6c6086ca271dc11b033d17c3a8bea9f24ebff920c587da090afc9519419d34",
                "sha256:f0b0caac3d40627c3c04d7a51b6e06721857a0e10a8775f2d1d7e72901b3a7db"
            ],
            "version": "==21.1.0"
        },
        "shub": {
            "hashes": [
                "sha256:5df6ec1a5613c9248c8a44b3547deae49d2d8743a5c8710a79b9b32fcbec06a0",
                "sha256:b4f5a6d0a082b7988de01f34bbe406c4c7b35675240ada4ba4152d49601b7fd7"
            ],
            "index": "pypi",
            "version": "==2.10.0"
        },
        "six": {
            "hashes": [
                "sha256:1e61c37477a1626458e36f7b1d82aa5c9b094fa4802892072e49de9c60c4c926",
                "sha256:8abb2f1d86890a2dfb989f9a77cfcfd3e47c2a354b01111771326f8aa26e0254"
            ],
            "version": "==1.16.0"
        },
        "sqlalchemy": {
            "hashes": [
                "sha256:128bc917ed20d78143a45024455ff0aed7d3b96772eba13d5dbaf9cc57e5c41b",
                "sha256:156a27548ba4e1fed944ff9fcdc150633e61d350d673ae7baaf6c25c04ac1f71",
                "sha256:27e2efc8f77661c9af2681755974205e7462f1ae126f498f4fe12a8b24761d15",
                "sha256:2a12f8be25b9ea3d1d5b165202181f2b7da4b3395289000284e5bb86154ce87c",
                "sha256:31c043d5211aa0e0773821fcc318eb5cbe2ec916dfbc4c6eea0c5188971988eb",
                "sha256:65eb3b03229f684af0cf0ad3bcc771970c1260a82a791a8d07bffb63d8c95bcc",
                "sha256:6cd157ce74a911325e164441ff2d9b4e244659a25b3146310518d83202f15f7a",
                "sha256:703c002277f0fbc3c04d0ae4989a174753a7554b2963c584ce2ec0cddcf2bc53",
                "sha256:869bbb637de58ab0a912b7f20e9192132f9fbc47fc6b5111cd1e0f6cdf5cf9b0",
                "sha256:8a0e0cd21da047ea10267c37caf12add400a92f0620c8bc09e4a6531a765d6d7",
                "sha256:8d01e949a5d22e5c4800d59b50617c56125fc187fbeb8fa423e99858546de616",
                "sha256:925b4fe5e7c03ed76912b75a9a41dfd682d59c0be43bce88d3b27f7f5ba028fb",
                "sha256:9cb1819008f0225a7c066cac8bb0cf90847b2c4a6eb9ebb7431dbd00c56c06c5",
                "sha256:a87d496884f40c94c85a647c385f4fd5887941d2609f71043e2b73f2436d9c65",
                "sha256:a9030cd30caf848a13a192c5e45367e3c6f363726569a56e75dc1151ee26d859",
                "sha256:a9e75e49a0f1583eee0ce93270232b8e7bb4b1edc89cc70b07600d525aef4f43",
                "sha256:b50f45d0e82b4562f59f0e0ca511f65e412f2a97d790eea5f60e34e5f1aabc9a",
                "sha256:b7878e59ec31f12d54b3797689402ee3b5cfcb5598f2ebf26491732758751908",
                "sha256:ce1ddaadee913543ff0154021d31b134551f63428065168e756d90bdc4c686f5",
                "sha256:ce2646e4c0807f3461be0653502bb48c6e91a5171d6e450367082c79e12868bf",
                "sha256:ce6c3d18b2a8ce364013d47b9cad71db815df31d55918403f8db7d890c9d07ae",
                "sha256:e4e2664232005bd306f878b0f167a31f944a07c4de0152c444f8c61bbe3cfb38",
                "sha256:e8aa395482728de8bdcca9cc0faf3765ab483e81e01923aaa736b42f0294f570",
                "sha256:eb4fcf7105bf071c71068c6eee47499ab8d4b8f5a11fc35147c934f0faa60f23",
                "sha256:ed375a79f06cad285166e5be74745df1ed6845c5624aafadec4b7a29c25866ef",
                "sha256:f35248f7e0d63b234a109dd72fbfb4b5cb6cb6840b221d0df0ecbf54ab087654",
                "sha256:f502ef245c492b391e0e23e94cba030ab91722dcc56963c85bfd7f3441ea2bbe",
                "sha256:fe01bac7226499aedf472c62fa3b85b2c619365f3f14dd222ffe4f3aa91e5f98"
            ],
            "index": "pypi",
            "version": "==1.3.17"
        },
        "toml": {
            "hashes": [
                "sha256:806143ae5bfb6a3c6e736a764057db0e6a0e05e338b5630894a5f779cabb4f9b",
                "sha256:b3bda1d108d5dd99f4a20d24d9c348e91c4db7ab1b749200bded2f839ccbe68f"
            ],
            "version": "==0.10.2"
        },
        "tqdm": {
            "hashes": [
                "sha256:736524215c690621b06fc89d0310a49822d75e599fcd0feb7cc742b98d692493",
                "sha256:cd5791b5d7c3f2f1819efc81d36eb719a38e0906a7380365c556779f585ea042"
            ],
            "version": "==4.61.0"
        },
        "twisted": {
            "hashes": [
                "sha256:77544a8945cf69b98d2946689bbe0c75de7d145cdf11f391dd487eae8fc95a12",
                "sha256:aab38085ea6cda5b378b519a0ec99986874921ee8881318626b0a3414bb2631e"
            ],
            "version": "==21.2.0"
        },
        "typing-extensions": {
            "hashes": [
                "sha256:0ac0f89795dd19de6b97debb0c6af1c70987fd80a2d62d1958f7e56fcc31b497",
                "sha256:50b6f157849174217d0656f99dc82fe932884fb250826c18350e159ec6cdf342",
                "sha256:779383f6086d90c99ae41cf0ff39aac8a7937a9283ce0a414e5dd782f4c94a84"
            ],
            "markers": "python_version < '3.8'",
            "version": "==3.10.0.0"
        },
        "uritemplate": {
            "hashes": [
                "sha256:07620c3f3f8eed1f12600845892b0e036a2420acf513c53f7de0abd911a5894f",
                "sha256:5af8ad10cec94f215e3f48112de2022e1d5a37ed427fbd88652fa908f2ab7cae"
            ],
            "version": "==3.0.1"
        },
        "urllib3": {
            "hashes": [
                "sha256:753a0374df26658f99d826cfe40394a686d05985786d946fbe4165b5148f5a7c",
                "sha256:a7acd0977125325f516bda9735fa7142b909a8d01e8b2e4c8108d0984e6e0098"
            ],
            "index": "pypi",
            "version": "==1.26.5"
        },
        "w3lib": {
            "hashes": [
                "sha256:0161d55537063e00d95a241663ede3395c4c6d7b777972ba2fd58bbab2001e53",
                "sha256:0ad6d0203157d61149fd45aaed2e24f53902989c32fc1dccc2e2bfba371560df"
            ],
            "version": "==1.22.0"
        },
        "websocket-client": {
            "hashes": [
                "sha256:3e2bf58191d4619b161389a95bdce84ce9e0b24eb8107e7e590db682c2d0ca81",
                "sha256:abf306dc6351dcef07f4d40453037e51cc5d9da2ef60d0fc5d0fe3bcda255372"
            ],
            "version": "==1.0.1"
        },
        "zipp": {
            "hashes": [
                "sha256:3607921face881ba3e026887d8150cca609d517579abe052ac81fc5aeffdbd76",
                "sha256:51cb66cc54621609dd593d1787f286ee42a5c0adbb4b29abea5a63edc3e03098"
            ],
            "version": "==3.4.1"
        },
        "zope.interface": {
            "hashes": [
                "sha256:08f9636e99a9d5410181ba0729e0408d3d8748026ea938f3b970a0249daa8192",
                "sha256:0b465ae0962d49c68aa9733ba92a001b2a0933c317780435f00be7ecb959c702",
                "sha256:0cba8477e300d64a11a9789ed40ee8932b59f9ee05f85276dbb4b59acee5dd09",
                "sha256:0cee5187b60ed26d56eb2960136288ce91bcf61e2a9405660d271d1f122a69a4",
                "sha256:0ea1d73b7c9dcbc5080bb8aaffb776f1c68e807767069b9ccdd06f27a161914a",
                "sha256:0f91b5b948686659a8e28b728ff5e74b1be6bf40cb04704453617e5f1e945ef3",
                "sha256:15e7d1f7a6ee16572e21e3576d2012b2778cbacf75eb4b7400be37455f5ca8bf",
                "sha256:17776ecd3a1fdd2b2cd5373e5ef8b307162f581c693575ec62e7c5399d80794c",
                "sha256:194d0bcb1374ac3e1e023961610dc8f2c78a0f5f634d0c737691e215569e640d",
                "sha256:1c0e316c9add0db48a5b703833881351444398b04111188069a26a61cfb4df78",
                "sha256:205e40ccde0f37496904572035deea747390a8b7dc65146d30b96e2dd1359a83",
                "sha256:273f158fabc5ea33cbc936da0ab3d4ba80ede5351babc4f577d768e057651531",
                "sha256:2876246527c91e101184f63ccd1d716ec9c46519cc5f3d5375a3351c46467c46",
                "sha256:2c98384b254b37ce50eddd55db8d381a5c53b4c10ee66e1e7fe749824f894021",
                "sha256:2e5a26f16503be6c826abca904e45f1a44ff275fdb7e9d1b75c10671c26f8b94",
                "sha256:334701327f37c47fa628fc8b8d28c7d7730ce7daaf4bda1efb741679c2b087fc",
                "sha256:3748fac0d0f6a304e674955ab1365d515993b3a0a865e16a11ec9d86fb307f63",
                "sha256:3c02411a3b62668200910090a0dff17c0b25aaa36145082a5a6adf08fa281e54",
                "sha256:3dd4952748521205697bc2802e4afac5ed4b02909bb799ba1fe239f77fd4e117",
                "sha256:3f24df7124c323fceb53ff6168da70dbfbae1442b4f3da439cd441681f54fe25",
                "sha256:469e2407e0fe9880ac690a3666f03eb4c3c444411a5a5fddfdabc5d184a79f05",
                "sha256:4de4bc9b6d35c5af65b454d3e9bc98c50eb3960d5a3762c9438df57427134b8e",
                "sha256:5208ebd5152e040640518a77827bdfcc73773a15a33d6644015b763b9c9febc1",
                "sha256:52de7fc6c21b419078008f697fd4103dbc763288b1406b4562554bd47514c004",
                "sha256:5bb3489b4558e49ad2c5118137cfeaf59434f9737fa9c5deefc72d22c23822e2",
                "sha256:5dba5f530fec3f0988d83b78cc591b58c0b6eb8431a85edd1569a0539a8a5a0e",
                "sha256:5dd9ca406499444f4c8299f803d4a14edf7890ecc595c8b1c7115c2342cadc5f",
                "sha256:5f931a1c21dfa7a9c573ec1f50a31135ccce84e32507c54e1ea404894c5eb96f",
                "sha256:63b82bb63de7c821428d513607e84c6d97d58afd1fe2eb645030bdc185440120",
                "sha256:66c0061c91b3b9cf542131148ef7ecbecb2690d48d1612ec386de9d36766058f",
                "sha256:6f0c02cbb9691b7c91d5009108f975f8ffeab5dff8f26d62e21c493060eff2a1",
                "sha256:71aace0c42d53abe6fc7f726c5d3b60d90f3c5c055a447950ad6ea9cec2e37d9",
                "sha256:7d97a4306898b05404a0dcdc32d9709b7d8832c0c542b861d9a826301719794e",
                "sha256:7df1e1c05304f26faa49fa752a8c690126cf98b40b91d54e6e9cc3b7d6ffe8b7",
                "sha256:8270252effc60b9642b423189a2fe90eb6b59e87cbee54549db3f5562ff8d1b8",
                "sha256:867a5ad16892bf20e6c4ea2aab1971f45645ff3102ad29bd84c86027fa99997b",
                "sha256:877473e675fdcc113c138813a5dd440da0769a2d81f4d86614e5d62b69497155",
                "sha256:8892f89999ffd992208754851e5a052f6b5db70a1e3f7d54b17c5211e37a98c7",
                "sha256:9a9845c4c6bb56e508651f005c4aeb0404e518c6f000d5a1123ab077ab769f5c",
                "sha256:a1e6e96217a0f72e2b8629e271e1b280c6fa3fe6e59fa8f6701bec14e3354325",
                "sha256:a8156e6a7f5e2a0ff0c5b21d6bcb45145efece1909efcbbbf48c56f8da68221d",
                "sha256:a9506a7e80bcf6eacfff7f804c0ad5350c8c95b9010e4356a4b36f5322f09abb",
                "sha256:af310ec8335016b5e52cae60cda4a4f2a60a788cbb949a4fbea13d441aa5a09e",
                "sha256:b0297b1e05fd128d26cc2460c810d42e205d16d76799526dfa8c8ccd50e74959",
                "sha256:bf68f4b2b6683e52bec69273562df15af352e5ed25d1b6641e7efddc5951d1a7",
                "sha256:d0c1bc2fa9a7285719e5678584f6b92572a5b639d0e471bb8d4b650a1a910920",
                "sha256:d4d9d6c1a455d4babd320203b918ccc7fcbefe308615c521062bc2ba1aa4d26e",
                "sha256:db1fa631737dab9fa0b37f3979d8d2631e348c3b4e8325d6873c2541d0ae5a48",
                "sha256:dd93ea5c0c7f3e25335ab7d22a507b1dc43976e1345508f845efc573d3d779d8",
                "sha256:f44e517131a98f7a76696a7b21b164bcb85291cee106a23beccce454e1f433a4",
                "sha256:f7ee479e96f7ee350db1cf24afa5685a5899e2b34992fb99e1f7c1b0b758d263"
            ],
            "version": "==5.4.0"
        }
    },
    "develop": {}
}
